
Microsoft Visual Studio Solution File, Format Version 12.00
# Visual Studio Version 16
VisualStudioVersion = 16.0.29123.88
MinimumVisualStudioVersion = 10.0.40219.1
Project("{FAE04EC0-301F-11D3-BF4B-00C04F79EFBC}") = "PrimeiroFrameDesktop", "PrimeiroFrameDesktop\PrimeiroFrameDesktop.csproj", "{1DD8B3DA-1D58-4D06-B8A8-DF47A811BFC6}"
EndProject
Global
	GlobalSection(SolutionConfigurationPlatforms) = preSolution
		Debug|Any CPU = Debug|Any CPU
		Release|Any CPU = Release|Any CPU
	EndGlobalSection
	GlobalSection(ProjectConfigurationPlatforms) = postSolution
		{1DD8B3DA-1D58-4D06-B8A8-DF47A811BFC6}.Debug|Any CPU.ActiveCfg = Debug|Any CPU
		{1DD8B3DA-1D58-4D06-B8A8-DF47A811BFC6}.Debug|Any CPU.Build.0 = Debug|Any CPU
		{1DD8B3DA-1D58-4D06-B8A8-DF47A811BFC6}.Release|Any CPU.ActiveCfg = Release|Any CPU
		{1DD8B3DA-1D58-4D06-B8A8-DF47A811BFC6}.Release|Any CPU.Build.0 = Release|Any CPU
	EndGlobalSection
	GlobalSection(SolutionProperties) = preSolution
		HideSolutionNode = FALSE
	EndGlobalSection
	GlobalSection(ExtensibilityGlobals) = postSolution
		SolutionGuid = {DD554F6D-50EB-4D54-ACB8-03F62D445DC7}
	EndGlobalSection
EndGlobal
